Microsoft Visual Studio Solution File, Format Version 12.00
# Visual Studio Version 16
VisualStudioVersion = 16.0.30011.22
MinimumVisualStudioVersion = 10.0.40219.1
Project("{FAE04EC0-301F-11D3-BF4B-00C04F79EFBC}") = "LocationSample.Android", "LocationSample.Android\LocationSample.Android.csproj", "{3564240B-0FE0-416C-BBE8-4D3042AB137A}"
EndProject
Project("{FAE04EC0-301F-11D3-BF4B-00C04F79EFBC}") = "LocationSample.iOS", "LocationSample.iOS\LocationSample.iOS.csproj", "{10820997-0215-4867-814B-B258AD4E15A6}"
EndProject
Project("{9A19103F-16F7-4668-BE54-9A1E7A4F7556}") = "LocationSample", "LocationSample\LocationSample.csproj", "{9F7E8F25-4891-4869-A15C-3B8DE704B01A}"
EndProject
Global
	GlobalSection(SolutionConfigurationPlatforms) = preSolution
		Debug|Any CPU = Debug|Any CPU
		Debug|iPhone = Debug|iPhone
		Debug|iPhoneSimulator = Debug|iPhoneSimulator
		Release|Any CPU = Release|Any CPU
		Release|iPhone = Release|iPhone
		Release|iPhoneSimulator = Release|iPhoneSimulator
	EndGlobalSection
	GlobalSection(ProjectConfigurationPlatforms) = postSolution
		{3564240B-0FE0-416C-BBE8-4D3042AB137A}.Debug|Any CPU.ActiveCfg = Debug|Any CPU
		{3564240B-0FE0-416C-BBE8-4D3042AB137A}.Debug|Any CPU.Build.0 = Debug|Any CPU
		{3564240B-0FE0-416C-BBE8-4D3042AB137A}.Debug|Any CPU.Deploy.0 = Debug|Any CPU
		{3564240B-0FE0-416C-BBE8-4D3042AB137A}.Debug|iPhone.ActiveCfg = Debug|Any CPU
		{3564240B-0FE0-416C-BBE8-4D3042AB137A}.Debug|iPhone.Build.0 = Debug|Any CPU
		{3564240B-0FE0-416C-BBE8-4D3042AB137A}.Debug|iPhoneSimulator.ActiveCfg = Debug|Any CPU
		{3564240B-0FE0-416C-BBE8-4D3042AB137A}.Debug|iPhoneSimulator.Build.0 = Debug|Any CPU
		{3564240B-0FE0-416C-BBE8-4D3042AB137A}.Release|Any CPU.ActiveCfg = Release|Any CPU
		{3564240B-0FE0-416C-BBE8-4D3042AB137A}.Release|Any CPU.Build.0 = Release|Any CPU
		{3564240B-0FE0-416C-BBE8-4D3042AB137A}.Release|iPhone.ActiveCfg = Release|Any CPU
		{3564240B-0FE0-416C-BBE8-4D3042AB137A}.Release|iPhone.Build.0 = Release|Any CPU
		{3564240B-0FE0-416C-BBE8-4D3042AB137A}.Release|iPhoneSimulator.ActiveCfg = Release|Any CPU
		{3564240B-0FE0-416C-BBE8-4D3042AB137A}.Release|iPhoneSimulator.Build.0 = Release|Any CPU
		{10820997-0215-4867-814B-B258AD4E15A6}.Debug|Any CPU.ActiveCfg = Debug|iPhoneSimulator
		{10820997-0215-4867-814B-B258AD4E15A6}.Debug|Any CPU.Build.0 = Debug|iPhoneSimulator
		{10820997-0215-4867-814B-B258AD4E15A6}.Debug|iPhone.ActiveCfg = Debug|iPhone
		{10820997-0215-4867-814B-B258AD4E15A6}.Debug|iPhone.Build.0 = Debug|iPhone
		{10820997-0215-4867-814B-B258AD4E15A6}.Debug|iPhoneSimulator.ActiveCfg = Debug|iPhoneSimulator
		{10820997-0215-4867-814B-B258AD4E15A6}.Debug|iPhoneSimulator.Build.0 = Debug|iPhoneSimulator
		{10820997-0215-4867-814B-B258AD4E15A6}.Release|Any CPU.ActiveCfg = Release|iPhoneSimulator
		{10820997-0215-4867-814B-B258AD4E15A6}.Release|Any CPU.Build.0 = Release|iPhoneSimulator
		{10820997-0215-4867-814B-B258AD4E15A6}.Release|iPhone.ActiveCfg = Release|iPhone
		{10820997-0215-4867-814B-B258AD4E15A6}.Release|iPhone.Build.0 = Release|iPhone
		{10820997-0215-4867-814B-B258AD4E15A6}.Release|iPhoneSimulator.ActiveCfg = Release|iPhoneSimulator
		{10820997-0215-4867-814B-B258AD4E15A6}.Release|iPhoneSimulator.Build.0 = Release|iPhoneSimulator
		{9F7E8F25-4891-4869-A15C-3B8DE704B01A}.Debug|Any CPU.ActiveCfg = Debug|Any CPU
		{9F7E8F25-4891-4869-A15C-3B8DE704B01A}.Debug|Any CPU.Build.0 = Debug|Any CPU
		{9F7E8F25-4891-4869-A15C-3B8DE704B01A}.Debug|iPhone.ActiveCfg = Debug|Any CPU
		{9F7E8F25-4891-4869-A15C-3B8DE704B01A}.Debug|iPhone.Build.0 = Debug|Any CPU
		{9F7E8F25-4891-4869-A15C-3B8DE704B01A}.Debug|iPhoneSimulator.ActiveCfg = Debug|Any CPU
		{9F7E8F25-4891-4869-A15C-3B8DE704B01A}.Debug|iPhoneSimulator.Build.0 = Debug|Any CPU
		{9F7E8F25-4891-4869-A15C-3B8DE704B01A}.Release|Any CPU.ActiveCfg = Release|Any CPU
		{9F7E8F25-4891-4869-A15C-3B8DE704B01A}.Release|Any CPU.Build.0 = Release|Any CPU
		{9F7E8F25-4891-4869-A15C-3B8DE704B01A}.Release|iPhone.ActiveCfg = Release|Any CPU
		{9F7E8F25-4891-4869-A15C-3B8DE704B01A}.Release|iPhone.Build.0 = Release|Any CPU
		{9F7E8F25-4891-4869-A15C-3B8DE704B01A}.Release|iPhoneSimulator.ActiveCfg = Release|Any CPU
		{9F7E8F25-4891-4869-A15C-3B8DE704B01A}.Release|iPhoneSimulator.Build.0 = Release|Any CPU
	EndGlobalSection
	GlobalSection(SolutionProperties) = preSolution
		HideSolutionNode = FALSE
	EndGlobalSection
	GlobalSection(ExtensibilityGlobals) = postSolution
		SolutionGuid = {4501FB9E-ED7B-4731-ACE6-95258FCE7AAE}
	EndGlobalSection
EndGlobal
